
Microsoft Visual Studio Solution File, Format Version 12.00
# Visual Studio Version 17
VisualStudioVersion = 17.3.32901.215
MinimumVisualStudioVersion = 10.0.40219.1
Project("{FAE04EC0-301F-11D3-BF4B-00C04F79EFBC}") = "PTSLibrary", "PTSLibrary.csproj", "{91D1F235-38CF-4FF4-A78F-D795B0BA69A6}"
EndProject
Project("{FAE04EC0-301F-11D3-BF4B-00C04F79EFBC}") = "admin", "..\admin\admin.csproj", "{A155872B-3901-4968-8A15-878194CCAD05}"
EndProject
Global
	GlobalSection(SolutionConfigurationPlatforms) = preSolution
		Debug|Any CPU = Debug|Any CPU
		Release|Any CPU = Release|Any CPU
	EndGlobalSection
	GlobalSection(ProjectConfigurationPlatforms) = postSolution
		{91D1F235-38CF-4FF4-A78F-D795B0BA69A6}.Debug|Any CPU.ActiveCfg = Debug|Any CPU
		{91D1F235-38CF-4FF4-A78F-D795B0BA69A6}.Debug|Any CPU.Build.0 = Debug|Any CPU
		{91D1F235-38CF-4FF4-A78F-D795B0BA69A6}.Release|Any CPU.ActiveCfg = Release|Any CPU
		{91D1F235-38CF-4FF4-A78F-D795B0BA69A6}.Release|Any CPU.Build.0 = Release|Any CPU
		{A155872B-3901-4968-8A15-878194CCAD05}.Debug|Any CPU.ActiveCfg = Debug|Any CPU
		{A155872B-3901-4968-8A15-878194CCAD05}.Debug|Any CPU.Build.0 = Debug|Any CPU
		{A155872B-3901-4968-8A15-878194CCAD05}.Release|Any CPU.ActiveCfg = Release|Any CPU
		{A155872B-3901-4968-8A15-878194CCAD05}.Release|Any CPU.Build.0 = Release|Any CPU
	EndGlobalSection
	GlobalSection(SolutionProperties) = preSolution
		HideSolutionNode = FALSE
	EndGlobalSection
	GlobalSection(ExtensibilityGlobals) = postSolution
		SolutionGuid = {22AD40F0-59FA-4BF9-BD4E-32536440123B}
	EndGlobalSection
EndGlobal
